// !$*UTF8*$!
{
	archiveVersion = 1;
	classes = {
	};
	objectVersion = 46;
	objects = {

/* Begin PBXBuildFile section */
		279E2CCB1B7C2DC30043C429 /* AppDelegate.swift in Sources */ = {isa = PBXBuildFile; fileRef = 279E2CCA1B7C2DC30043C429 /* AppDelegate.swift */; };
		279E2CCD1B7C2DC30043C429 /* ViewController.swift in Sources */ = {isa = PBXBuildFile; fileRef = 279E2CCC1B7C2DC30043C429 /* ViewController.swift */; };
		279E2CD01B7C2DC30043C429 /* Main.storyboard in Resources */ = {isa = PBXBuildFile; fileRef = 279E2CCE1B7C2DC30043C429 /* Main.storyboard */; };
		279E2CD21B7C2DC30043C429 /* Assets.xcassets in Resources */ = {isa = PBXBuildFile; fileRef = 279E2CD11B7C2DC30043C429 /* Assets.xcassets */; };
		279E2CD51B7C2DC30043C429 /* LaunchScreen.storyboard in Resources */ = {isa = PBXBuildFile; fileRef = 279E2CD31B7C2DC30043C429 /* LaunchScreen.storyboard */; };
		A836D70C1F8440210058DDEB /* LabelCollectionViewCell.swift in Sources */ = {isa = PBXBuildFile; fileRef = A836D70B1F8440210058DDEB /* LabelCollectionViewCell.swift */; };
/* End PBXBuildFile section */

/* Begin PBXFileReference section */
		279E2CC71B7C2DC30043C429 /* CollectionViewSearch.app */ = {isa = PBXFileReference; explicitFileType = wrapper.application; includeInIndex = 0; path = CollectionViewSearch.app; sourceTree = BUILT_PRODUCTS_DIR; };
		279E2CCA1B7C2DC30043C429 /* AppDelegate.swift */ = {isa = PBXFileReference; lastKnownFileType = sourcecode.swift; path = AppDelegate.swift; sourceTree = "<group>"; };
		279E2CCC1B7C2DC30043C429 /* ViewController.swift */ = {isa = PBXFileReference; lastKnownFileType = sourcecode.swift; path = ViewController.swift; sourceTree = "<group>"; };
		279E2CCF1B7C2DC30043C429 /* Base */ = {isa = PBXFileReference; lastKnownFileType = file.storyboard; name = Base; path = Base.lproj/Main.storyboard; sourceTree = "<group>"; };
		279E2CD11B7C2DC30043C429 /* Assets.xcassets */ = {isa = PBXFileReference; lastKnownFileType = folder.assetcatalog; path = Assets.xcassets; sourceTree = "<group>"; };
		279E2CD41B7C2DC30043C429 /* Base */ = {isa = PBXFileReference; lastKnownFileType = file.storyboard; name = Base; path = Base.lproj/LaunchScreen.storyboard; sourceTree = "<group>"; };
		279E2CD61B7C2DC30043C429 /* Info.plist */ = {isa = PBXFileReference; lastKnownFileType = text.plist.xml; path = Info.plist; sourceTree = "<group>"; };
		A836D70B1F8440210058DDEB /* LabelCollectionViewCell.swift */ = {isa = PBXFileReference; lastKnownFileType = sourcecode.swift; path = LabelCollectionViewCell.swift; sourceTree = "<group>"; };
/* End PBXFileReference section */

/* Begin PBXFrameworksBuildPhase section */
		279E2CC41B7C2DC30043C429 /* Frameworks */ = {
			isa = PBXFrameworksBuildPhase;
			buildActionMask = 2147483647;
			files = (
			);
			runOnlyForDeploymentPostprocessing = 0;
		};
/* End PBXFrameworksBuildPhase section */

/* Begin PBXGroup section */
		279E2CBE1B7C2DC30043C429 = {
			isa = PBXGroup;
			children = (
				279E2CC91B7C2DC30043C429 /* CollectionViewSearch */,
				279E2CC81B7C2DC30043C429 /* Products */,
			);
			sourceTree = "<group>";
		};
		279E2CC81B7C2DC30043C429 /* Products */ = {
			isa = PBXGroup;
			children = (
				279E2CC71B7C2DC30043C429 /* CollectionViewSearch.app */,
			);
			name = Products;
			sourceTree = "<group>";
		};
		279E2CC91B7C2DC30043C429 /* CollectionViewSearch */ = {
			isa = PBXGroup;
			children = (
				279E2CCA1B7C2DC30043C429 /* AppDelegate.swift */,
				279E2CCC1B7C2DC30043C429 /* ViewController.swift */,
				279E2CCE1B7C2DC30043C429 /* Main.storyboard */,
				279E2CD11B7C2DC30043C429 /* Assets.xcassets */,
				279E2CD31B7C2DC30043C429 /* LaunchScreen.storyboard */,
				279E2CD61B7C2DC30043C429 /* Info.plist */,
				A836D70B1F8440210058DDEB /* LabelCollectionViewCell.swift */,
			);
			path = CollectionViewSearch;
			sourceTree = "<group>";
		};
/* End PBXGroup section */

/* Begin PBXNativeTarget section */
		279E2CC61B7C2DC30043C429 /* CollectionViewSearch */ = {
			isa = PBXNativeTarget;
			buildConfigurationList = 279E2CD91B7C2DC30043C429 /* Build configuration list for PBXNativeTarget "CollectionViewSearch" */;
			buildPhases = (
				279E2CC31B7C2DC30043C429 /* Sources */,
				279E2CC41B7C2DC30043C429 /* Frameworks */,
				279E2CC51B7C2DC30043C429 /* Resources */,
			);
			buildRules = (
			);
			dependencies = (
			);
			name = CollectionViewSearch;
			productName = CollectionViewSearch;
			productReference = 279E2CC71B7C2DC30043C429 /* CollectionViewSearch.app */;
			productType = "com.apple.product-type.application";
		};
/* End PBXNativeTarget section */

/* Begin PBXProject section */
		279E2CBF1B7C2DC30043C429 /* Project object */ = {
			isa = PBXProject;
			attributes = {
				LastUpgradeCheck = 0900;
				ORGANIZATIONNAME = "Jeremiah Gage";
				TargetAttributes = {
					279E2CC61B7C2DC30043C429 = {
						CreatedOnToolsVersion = 7.0;
					};
				};
			};
			buildConfigurationList = 279E2CC21B7C2DC30043C429 /* Build configuration list for PBXProject "CollectionViewSearch" */;
			compatibilityVersion = "Xcode 3.2";
			developmentRegion = English;
			hasScannedForEncodings = 0;
			knownRegions = (
				en,
				Base,
			);
			mainGroup = 279E2CBE1B7C2DC30043C429;
			productRefGroup = 279E2CC81B7C2DC30043C429 /* Products */;
			projectDirPath = "";
			projectRoot = "";
			targets = (
				279E2CC61B7C2DC30043C429 /* CollectionViewSearch */,
			);
		};
/* End PBXProject section */

/* Begin PBXResourcesBuildPhase section */
		279E2CC51B7C2DC30043C429 /* Resources */ = {
			isa = PBXResourcesBuildPhase;
			buildActionMask = 2147483647;
			files = (
				279E2CD51B7C2DC30043C429 /* LaunchScreen.storyboard in Resources */,
				279E2CD21B7C2DC30043C429 /* Assets.xcassets in Resources */,
				279E2CD01B7C2DC30043C429 /* Main.storyboard in Resources */,
			);
			runOnlyForDeploymentPostprocessing = 0;
		};
/* End PBXResourcesBuildPhase section */

/* Begin PBXSourcesBuildPhase section */
		279E2CC31B7C2DC30043C429 /* Sources */ = {
			isa = PBXSourcesBuildPhase;
			buildActionMask = 2147483647;
			files = (
				A836D70C1F8440210058DDEB /* LabelCollectionViewCell.swift in Sources */,
				279E2CCD1B7C2DC30043C429 /* ViewController.swift in Sources */,
				279E2CCB1B7C2DC30043C429 /* AppDelegate.swift in Sources */,
			);
			runOnlyForDeploymentPostprocessing = 0;
		};
/* End PBXSourcesBuildPhase section */

/* Begin PBXVariantGroup section */
		279E2CCE1B7C2DC30043C429 /* Main.storyboard */ = {
			isa = PBXVariantGroup;
			children = (
				279E2CCF1B7C2DC30043C429 /* Base */,
			);
			name = Main.storyboard;
			sourceTree = "<group>";
		};
		279E2CD31B7C2DC30043C429 /* LaunchScreen.storyboard */ = {
			isa = PBXVariantGroup;
			children = (
				279E2CD41B7C2DC30043C429 /* Base */,
			);
			name = LaunchScreen.storyboard;
			sourceTree = "<group>";
		};
/* End PBXVariantGroup section */

/* Begin XCBuildConfiguration section */
		279E2CD71B7C2DC30043C429 /* Debug */ = {
			isa = XCBuildConfiguration;
			buildSettings = {
				ALWAYS_SEARCH_USER_PATHS = NO;
				CLANG_CXX_LANGUAGE_STANDARD = "gnu++0x";
				CLANG_CXX_LIBRARY = "libc++";
				CLANG_ENABLE_MODULES = YES;
				CLANG_ENABLE_OBJC_ARC = YES;
				CLANG_WARN_BLOCK_CAPTURE_AUTORELEASING = YES;
				CLANG_WARN_BOOL_CONVERSION = YES;
				CLANG_WARN_COMMA = YES;
				CLANG_WARN_CONSTANT_CONVERSION = YES;
				CLANG_WARN_DIRECT_OBJC_ISA_USAGE = YES_ERROR;
				CLANG_WARN_EMPTY_BODY = YES;
				CLANG_WARN_ENUM_CONVERSION = YES;
				CLANG_WARN_INFINITE_RECURSION = YES;
				CLANG_WARN_INT_CONVERSION = YES;
				CLANG_WARN_NON_LITERAL_NULL_CONVERSION = YES;
				CLANG_WARN_OBJC_LITERAL_CONVERSION = YES;
				CLANG_WARN_OBJC_ROOT_CLASS = YES_ERROR;
				CLANG_WARN_RANGE_LOOP_ANALYSIS = YES;
				CLANG_WARN_STRICT_PROTOTYPES = YES;
				CLANG_WARN_SUSPICIOUS_MOVE = YES;
				CLANG_WARN_UNREACHABLE_CODE = YES;
				CLANG_WARN__DUPLICATE_METHOD_MATCH = YES;
				"CODE_SIGN_IDENTITY[sdk=iphoneos*]" = "iPhone Developer";
				COPY_PHASE_STRIP = NO;
				DEBUG_INFORMATION_FORMAT = dwarf;
				ENABLE_STRICT_OBJC_MSGSEND = YES;
				ENABLE_TESTABILITY = YES;
				GCC_C_LANGUAGE_STANDARD = gnu99;
				GCC_DYNAMIC_NO_PIC = NO;
				GCC_NO_COMMON_BLOCKS = YES;
				GCC_OPTIMIZATION_LEVEL = 0;
				GCC_PREPROCESSOR_DEFINITIONS = (
					"DEBUG=1",
					"$(inherited)",
				);
				GCC_WARN_64_TO_32_BIT_CONVERSION = YES;
				GCC_WARN_ABOUT_RETURN_TYPE = YES_ERROR;
				GCC_WARN_UNDECLARED_SELECTOR = YES;
				GCC_WARN_UNINITIALIZED_AUTOS = YES_AGGRESSIVE;
				GCC_WARN_UNUSED_FUNCTION = YES;
				GCC_WARN_UNUSED_VARIABLE = YES;
				IPHONEOS_DEPLOYMENT_TARGET = 9.0;
				MTL_ENABLE_DEBUG_INFO = YES;
				ONLY_ACTIVE_ARCH = YES;
				SDKROOT = iphoneos;
				SWIFT_OPTIMIZATION_LEVEL = "-Onone";
				SWIFT_VERSION = 3.0;
				TARGETED_DEVICE_FAMILY = "1,2";
			};
			name = Debug;
		};
		279E2CD81B7C2DC30043C429 /* Release */ = {
			isa = XCBuildConfiguration;
			buildSettings = {
				ALWAYS_SEARCH_USER_PATHS = NO;
				CLANG_CXX_LANGUAGE_STANDARD = "gnu++0x";
				CLANG_CXX_LIBRARY = "libc++";
				CLANG_ENABLE_MODULES = YES;
				CLANG_ENABLE_OBJC_ARC = YES;
				CLANG_WARN_BLOCK_CAPTURE_AUTORELEASING = YES;
				CLANG_WARN_BOOL_CONVERSION = YES;
				CLANG_WARN_COMMA = YES;
				CLANG_WARN_CONSTANT_CONVERSION = YES;
				CLANG_WARN_DIRECT_OBJC_ISA_USAGE = YES_ERROR;
				CLANG_WARN_EMPTY_BODY = YES;
				CLANG_WARN_ENUM_CONVERSION = YES;
				CLANG_WARN_INFINITE_RECURSION = YES;
				CLANG_WARN_INT_CONVERSION = YES;
				CLANG_WARN_NON_LITERAL_NULL_CONVERSION = YES;
				CLANG_WARN_OBJC_LITERAL_CONVERSION = YES;
				CLANG_WARN_OBJC_ROOT_CLASS = YES_ERROR;
				CLANG_WARN_RANGE_LOOP_ANALYSIS = YES;
				CLANG_WARN_STRICT_PROTOTYPES = YES;
				CLANG_WARN_SUSPICIOUS_MOVE = YES;
				CLANG_WARN_UNREACHABLE_CODE = YES;
				CLANG_WARN__DUPLICATE_METHOD_MATCH = YES;
				"CODE_SIGN_IDENTITY[sdk=iphoneos*]" = "iPhone Developer";
				COPY_PHASE_STRIP = NO;
				DEBUG_INFORMATION_FORMAT = "dwarf-with-dsym";
				ENABLE_NS_ASSERTIONS = NO;
				ENABLE_STRICT_OBJC_MSGSEND = YES;
				GCC_C_LANGUAGE_STANDARD = gnu99;
				GCC_NO_COMMON_BLOCKS = YES;
				GCC_WARN_64_TO_32_BIT_CONVERSION = YES;
				GCC_WARN_ABOUT_RETURN_TYPE = YES_ERROR;
				GCC_WARN_UNDECLARED_SELECTOR = YES;
				GCC_WARN_UNINITIALIZED_AUTOS = YES_AGGRESSIVE;
				GCC_WARN_UNUSED_FUNCTION = YES;
				GCC_WARN_UNUSED_VARIABLE = YES;
				IPHONEOS_DEPLOYMENT_TARGET = 9.0;
				MTL_ENABLE_DEBUG_INFO = NO;
				SDKROOT = iphoneos;
				SWIFT_OPTIMIZATION_LEVEL = "-Owholemodule";
				SWIFT_VERSION = 3.0;
				TARGETED_DEVICE_FAMILY = "1,2";
				VALIDATE_PRODUCT = YES;
			};
			name = Release;
		};
		279E2CDA1B7C2DC30043C429 /* Debug */ = {
			isa = XCBuildConfiguration;
			buildSettings = {
				ASSETCATALOG_COMPILER_APPICON_NAME = AppIcon;
				INFOPLIST_FILE = CollectionViewSearch/Info.plist;
				LD_RUNPATH_SEARCH_PATHS = "$(inherited) @executable_path/Frameworks";
				PRODUCT_BUNDLE_IDENTIFIER = com.possiblemobile.CollectionViewSearch;
				PRODUCT_NAME = "$(TARGET_NAME)";
			};
			name = Debug;
		};
		279E2CDB1B7C2DC30043C429 /* Release */ = {
			isa = XCBuildConfiguration;
			buildSettings = {
				ASSETCATALOG_COMPILER_APPICON_NAME = AppIcon;
				INFOPLIST_FILE = CollectionViewSearch/Info.plist;
				LD_RUNPATH_SEARCH_PATHS = "$(inherited) @executable_path/Frameworks";
				PRODUCT_BUNDLE_IDENTIFIER = com.possiblemobile.CollectionViewSearch;
				PRODUCT_NAME = "$(TARGET_NAME)";
			};
			name = Release;
		};
/* End XCBuildConfiguration section */

/* Begin XCConfigurationList section */
		279E2CC21B7C2DC30043C429 /* Build configuration list for PBXProject "CollectionViewSearch" */ = {
			isa = XCConfigurationList;
			buildConfigurations = (
				279E2CD71B7C2DC30043C429 /* Debug */,
				279E2CD81B7C2DC30043C429 /* Release */,
			);
			defaultConfigurationIsVisible = 0;
			defaultConfigurationName = Release;
		};
		279E2CD91B7C2DC30043C429 /* Build configuration list for PBXNativeTarget "CollectionViewSearch" */ = {
			isa = XCConfigurationList;
			buildConfigurations = (
				279E2CDA1B7C2DC30043C429 /* Debug */,
				279E2CDB1B7C2DC30043C429 /* Release */,
			);
			defaultConfigurationIsVisible = 0;
			defaultConfigurationName = Release;
		};
/* End XCConfigurationList section */
	};
	rootObject = 279E2CBF1B7C2DC30043C429 /* Project object */;
}
